
Microsoft Visual Studio Solution File, Format Version 12.00
# Visual Studio 15
VisualStudioVersion = 15.0.28307.757
MinimumVisualStudioVersion = 10.0.40219.1
Project("{FAE04EC0-301F-11D3-BF4B-00C04F79EFBC}") = "MultithreadApp", "MultithreadApp\MultithreadApp.csproj", "{B0961695-BFB4-40A3-8205-B908E91DB046}"
EndProject
Project("{FAE04EC0-301F-11D3-BF4B-00C04F79EFBC}") = "MultithreadApp.Core", "MultithreadApp.Core\MultithreadApp.Core.csproj", "{DD5B85E5-C8AA-497E-AC69-2CABC671DCBD}"
EndProject
Global
	GlobalSection(SolutionConfigurationPlatforms) = preSolution
		Debug|Any CPU = Debug|Any CPU
		Release|Any CPU = Release|Any CPU
	EndGlobalSection
	GlobalSection(ProjectConfigurationPlatforms) = postSolution
		{B0961695-BFB4-40A3-8205-B908E91DB046}.Debug|Any CPU.ActiveCfg = Debug|Any CPU
		{B0961695-BFB4-40A3-8205-B908E91DB046}.Debug|Any CPU.Build.0 = Debug|Any CPU
		{B0961695-BFB4-40A3-8205-B908E91DB046}.Release|Any CPU.ActiveCfg = Release|Any CPU
		{B0961695-BFB4-40A3-8205-B908E91DB046}.Release|Any CPU.Build.0 = Release|Any CPU
		{DD5B85E5-C8AA-497E-AC69-2CABC671DCBD}.Debug|Any CPU.ActiveCfg = Debug|Any CPU
		{DD5B85E5-C8AA-497E-AC69-2CABC671DCBD}.Debug|Any CPU.Build.0 = Debug|Any CPU
		{DD5B85E5-C8AA-497E-AC69-2CABC671DCBD}.Release|Any CPU.ActiveCfg = Release|Any CPU
		{DD5B85E5-C8AA-497E-AC69-2CABC671DCBD}.Release|Any CPU.Build.0 = Release|Any CPU
	EndGlobalSection
	GlobalSection(SolutionProperties) = preSolution
		HideSolutionNode = FALSE
	EndGlobalSection
	GlobalSection(ExtensibilityGlobals) = postSolution
		SolutionGuid = {ED10AEDD-B22E-4840-8BEB-043FDA850589}
	EndGlobalSection
EndGlobal
