
Microsoft Visual Studio Solution File, Format Version 12.00
# Visual Studio Version 16
VisualStudioVersion = 16.0.29123.88
MinimumVisualStudioVersion = 10.0.40219.1
Project("{FAE04EC0-301F-11D3-BF4B-00C04F79EFBC}") = "ReferenceCollectorApp", "ReferenceCollectorApp\ReferenceCollectorApp.csproj", "{261CFC77-C016-4B52-86BB-959A0D12CD29}"
EndProject
Global
	GlobalSection(SolutionConfigurationPlatforms) = preSolution
		Debug|Any CPU = Debug|Any CPU
		Release|Any CPU = Release|Any CPU
	EndGlobalSection
	GlobalSection(ProjectConfigurationPlatforms) = postSolution
		{261CFC77-C016-4B52-86BB-959A0D12CD29}.Debug|Any CPU.ActiveCfg = Debug|Any CPU
		{261CFC77-C016-4B52-86BB-959A0D12CD29}.Debug|Any CPU.Build.0 = Debug|Any CPU
		{261CFC77-C016-4B52-86BB-959A0D12CD29}.Release|Any CPU.ActiveCfg = Release|Any CPU
		{261CFC77-C016-4B52-86BB-959A0D12CD29}.Release|Any CPU.Build.0 = Release|Any CPU
	EndGlobalSection
	GlobalSection(SolutionProperties) = preSolution
		HideSolutionNode = FALSE
	EndGlobalSection
	GlobalSection(ExtensibilityGlobals) = postSolution
		SolutionGuid = {E34FC47F-C473-4B50-906B-4382D1D970BC}
	EndGlobalSection
EndGlobal
